
Microsoft Visual Studio Solution File, Format Version 12.00
# Visual Studio Version 17
VisualStudioVersion = 17.13.35806.99
MinimumVisualStudioVersion = 10.0.40219.1
Project("{FAE04EC0-301F-11D3-BF4B-00C04F79EFBC}") = "DirN", "DirN.csproj", "{3A5D8461-1EA2-4724-AB66-D285701C0ECF}"
EndProject
Global
	GlobalSection(SolutionConfigurationPlatforms) = preSolution
		Debug|Any CPU = Debug|Any CPU
		Release|Any CPU = Release|Any CPU
	EndGlobalSection
	GlobalSection(ProjectConfigurationPlatforms) = postSolution
		{3A5D8461-1EA2-4724-AB66-D285701C0ECF}.Debug|Any CPU.ActiveCfg = Debug|Any CPU
		{3A5D8461-1EA2-4724-AB66-D285701C0ECF}.Debug|Any CPU.Build.0 = Debug|Any CPU
		{3A5D8461-1EA2-4724-AB66-D285701C0ECF}.Release|Any CPU.ActiveCfg = Release|Any CPU
		{3A5D8461-1EA2-4724-AB66-D285701C0ECF}.Release|Any CPU.Build.0 = Release|Any CPU
	EndGlobalSection
	GlobalSection(SolutionProperties) = preSolution
		HideSolutionNode = FALSE
	EndGlobalSection
	GlobalSection(ExtensibilityGlobals) = postSolution
		SolutionGuid = {5E42FD49-A8DF-45B0-8FA9-A352791EE61F}
	EndGlobalSection
EndGlobal
